
Microsoft Visual Studio Solution File, Format Version 12.00
# Visual Studio Version 17
VisualStudioVersion = 17.1.32210.238
MinimumVisualStudioVersion = 10.0.40219.1
Project("{FAE04EC0-301F-11D3-BF4B-00C04F79EFBC}") = "WebApplication1", "WebApplication1\WebApplication1.csproj", "{869E0065-4ACD-4D48-95D0-5B83B9E28099}"
EndProject
Global
	GlobalSection(SolutionConfigurationPlatforms) = preSolution
		Debug|Any CPU = Debug|Any CPU
		Release|Any CPU = Release|Any CPU
	EndGlobalSection
	GlobalSection(ProjectConfigurationPlatforms) = postSolution
		{869E0065-4ACD-4D48-95D0-5B83B9E28099}.Debug|Any CPU.ActiveCfg = Debug|Any CPU
		{869E0065-4ACD-4D48-95D0-5B83B9E28099}.Debug|Any CPU.Build.0 = Debug|Any CPU
		{869E0065-4ACD-4D48-95D0-5B83B9E28099}.Release|Any CPU.ActiveCfg = Release|Any CPU
		{869E0065-4ACD-4D48-95D0-5B83B9E28099}.Release|Any CPU.Build.0 = Release|Any CPU
	EndGlobalSection
	GlobalSection(SolutionProperties) = preSolution
		HideSolutionNode = FALSE
	EndGlobalSection
	GlobalSection(ExtensibilityGlobals) = postSolution
		SolutionGuid = {ED2245F1-1700-4C91-95BA-3B65583E352B}
	EndGlobalSection
EndGlobal
